// !$*UTF8*$!
{
	archiveVersion = 1;
	classes = {
	};
	objectVersion = 55;
	objects = {

/* Begin PBXBuildFile section */
		A1C3FB0B28412ACF004AD9AC /* AppDelegate.swift in Sources */ = {isa = PBXBuildFile; fileRef = A1C3FB0A28412ACF004AD9AC /* AppDelegate.swift */; };
		A1C3FB0D28412ACF004AD9AC /* SceneDelegate.swift in Sources */ = {isa = PBXBuildFile; fileRef = A1C3FB0C28412ACF004AD9AC /* SceneDelegate.swift */; };
		A1C3FB0F28412ACF004AD9AC /* ViewController.swift in Sources */ = {isa = PBXBuildFile; fileRef = A1C3FB0E28412ACF004AD9AC /* ViewController.swift */; };
		A1C3FB1228412ACF004AD9AC /* Main.storyboard in Resources */ = {isa = PBXBuildFile; fileRef = A1C3FB1028412ACF004AD9AC /* Main.storyboard */; };
		A1C3FB1428412AD2004AD9AC /* Assets.xcassets in Resources */ = {isa = PBXBuildFile; fileRef = A1C3FB1328412AD2004AD9AC /* Assets.xcassets */; };
		A1C3FB1728412AD2004AD9AC /* LaunchScreen.storyboard in Resources */ = {isa = PBXBuildFile; fileRef = A1C3FB1528412AD2004AD9AC /* LaunchScreen.storyboard */; };
		DBE3F1A1CFC7A9A98AAAE61A /* Pods_Datackle.framework in Frameworks */ = {isa = PBXBuildFile; fileRef = 3984827C742D495D6022BAC1 /* Pods_Datackle.framework */; };
/* End PBXBuildFile section */

/* Begin PBXFileReference section */
		3789F7022693EDEDE88B015C /* Pods-Datackle.debug.xcconfig */ = {isa = PBXFileReference; includeInIndex = 1; lastKnownFileType = text.xcconfig; name = "Pods-Datackle.debug.xcconfig"; path = "Target Support Files/Pods-Datackle/Pods-Datackle.debug.xcconfig"; sourceTree = "<group>"; };
		3984827C742D495D6022BAC1 /* Pods_Datackle.framework */ = {isa = PBXFileReference; explicitFileType = wrapper.framework; includeInIndex = 0; path = Pods_Datackle.framework; sourceTree = BUILT_PRODUCTS_DIR; };
		A1C3FB0728412ACF004AD9AC /* Datackle.app */ = {isa = PBXFileReference; explicitFileType = wrapper.application; includeInIndex = 0; path = Datackle.app; sourceTree = BUILT_PRODUCTS_DIR; };
		A1C3FB0A28412ACF004AD9AC /* AppDelegate.swift */ = {isa = PBXFileReference; lastKnownFileType = sourcecode.swift; path = AppDelegate.swift; sourceTree = "<group>"; };
		A1C3FB0C28412ACF004AD9AC /* SceneDelegate.swift */ = {isa = PBXFileReference; lastKnownFileType = sourcecode.swift; path = SceneDelegate.swift; sourceTree = "<group>"; };
		A1C3FB0E28412ACF004AD9AC /* ViewController.swift */ = {isa = PBXFileReference; lastKnownFileType = sourcecode.swift; path = ViewController.swift; sourceTree = "<group>"; };
		A1C3FB1128412ACF004AD9AC /* Base */ = {isa = PBXFileReference; lastKnownFileType = file.storyboard; name = Base; path = Base.lproj/Main.storyboard; sourceTree = "<group>"; };
		A1C3FB1328412AD2004AD9AC /* Assets.xcassets */ = {isa = PBXFileReference; lastKnownFileType = folder.assetcatalog; path = Assets.xcassets; sourceTree = "<group>"; };
		A1C3FB1628412AD2004AD9AC /* Base */ = {isa = PBXFileReference; lastKnownFileType = file.storyboard; name = Base; path = Base.lproj/LaunchScreen.storyboard; sourceTree = "<group>"; };
		A1C3FB1828412AD2004AD9AC /* Info.plist */ = {isa = PBXFileReference; lastKnownFileType = text.plist.xml; path = Info.plist; sourceTree = "<group>"; };
		A1C3FB2028412B03004AD9AC /* Datackle.entitlements */ = {isa = PBXFileReference; lastKnownFileType = text.plist.entitlements; path = Datackle.entitlements; sourceTree = "<group>"; };
		B521F0DE5B70BCC8967427D9 /* Pods-Datackle.release.xcconfig */ = {isa = PBXFileReference; includeInIndex = 1; lastKnownFileType = text.xcconfig; name = "Pods-Datackle.release.xcconfig"; path = "Target Support Files/Pods-Datackle/Pods-Datackle.release.xcconfig"; sourceTree = "<group>"; };
/* End PBXFileReference section */

/* Begin PBXFrameworksBuildPhase section */
		A1C3FB0428412ACF004AD9AC /* Frameworks */ = {
			isa = PBXFrameworksBuildPhase;
			buildActionMask = 2147483647;
			files = (
				DBE3F1A1CFC7A9A98AAAE61A /* Pods_Datackle.framework in Frameworks */,
			);
			runOnlyForDeploymentPostprocessing = 0;
		};
/* End PBXFrameworksBuildPhase section */

/* Begin PBXGroup section */
		2CF2154F20FD1EC2C6E2A609 /* Pods */ = {
			isa = PBXGroup;
			children = (
				3789F7022693EDEDE88B015C /* Pods-Datackle.debug.xcconfig */,
				B521F0DE5B70BCC8967427D9 /* Pods-Datackle.release.xcconfig */,
			);
			path = Pods;
			sourceTree = "<group>";
		};
		A1C3FAFE28412ACE004AD9AC = {
			isa = PBXGroup;
			children = (
				A1C3FB0928412ACF004AD9AC /* Datackle */,
				A1C3FB0828412ACF004AD9AC /* Products */,
				2CF2154F20FD1EC2C6E2A609 /* Pods */,
				FE35059EFF5D0DAFC009F80A /* Frameworks */,
			);
			sourceTree = "<group>";
		};
		A1C3FB0828412ACF004AD9AC /* Products */ = {
			isa = PBXGroup;
			children = (
				A1C3FB0728412ACF004AD9AC /* Datackle.app */,
			);
			name = Products;
			sourceTree = "<group>";
		};
		A1C3FB0928412ACF004AD9AC /* Datackle */ = {
			isa = PBXGroup;
			children = (
				A1C3FB2028412B03004AD9AC /* Datackle.entitlements */,
				A1C3FB0A28412ACF004AD9AC /* AppDelegate.swift */,
				A1C3FB0C28412ACF004AD9AC /* SceneDelegate.swift */,
				A1C3FB1E28412AE4004AD9AC /* Views */,
				A1C3FB1F28412AEF004AD9AC /* Controllers */,
				A1C3FB1328412AD2004AD9AC /* Assets.xcassets */,
				A1C3FB1528412AD2004AD9AC /* LaunchScreen.storyboard */,
				A1C3FB1828412AD2004AD9AC /* Info.plist */,
			);
			path = Datackle;
			sourceTree = "<group>";
		};
		A1C3FB1E28412AE4004AD9AC /* Views */ = {
			isa = PBXGroup;
			children = (
				A1C3FB1028412ACF004AD9AC /* Main.storyboard */,
			);
			path = Views;
			sourceTree = "<group>";
		};
		A1C3FB1F28412AEF004AD9AC /* Controllers */ = {
			isa = PBXGroup;
			children = (
				A1C3FB0E28412ACF004AD9AC /* ViewController.swift */,
			);
			path = Controllers;
			sourceTree = "<group>";
		};
		FE35059EFF5D0DAFC009F80A /* Frameworks */ = {
			isa = PBXGroup;
			children = (
				3984827C742D495D6022BAC1 /* Pods_Datackle.framework */,
			);
			name = Frameworks;
			sourceTree = "<group>";
		};
/* End PBXGroup section */

/* Begin PBXNativeTarget section */
		A1C3FB0628412ACF004AD9AC /* Datackle */ = {
			isa = PBXNativeTarget;
			buildConfigurationList = A1C3FB1B28412AD2004AD9AC /* Build configuration list for PBXNativeTarget "Datackle" */;
			buildPhases = (
				3BA73A662F886FB2740D57BB /* [CP] Check Pods Manifest.lock */,
				A1C3FB0328412ACF004AD9AC /* Sources */,
				A1C3FB0428412ACF004AD9AC /* Frameworks */,
				A1C3FB0528412ACF004AD9AC /* Resources */,
				D73550DE339DDACA70BE3328 /* [CP] Embed Pods Frameworks */,
			);
			buildRules = (
			);
			dependencies = (
			);
			name = Datackle;
			productName = Datackle;
			productReference = A1C3FB0728412ACF004AD9AC /* Datackle.app */;
			productType = "com.apple.product-type.application";
		};
/* End PBXNativeTarget section */

/* Begin PBXProject section */
		A1C3FAFF28412ACE004AD9AC /* Project object */ = {
			isa = PBXProject;
			attributes = {
				BuildIndependentTargetsInParallel = 1;
				LastSwiftUpdateCheck = 1330;
				LastUpgradeCheck = 1330;
				TargetAttributes = {
					A1C3FB0628412ACF004AD9AC = {
						CreatedOnToolsVersion = 13.3.1;
					};
				};
			};
			buildConfigurationList = A1C3FB0228412ACE004AD9AC /* Build configuration list for PBXProject "Datackle" */;
			compatibilityVersion = "Xcode 13.0";
			developmentRegion = en;
			hasScannedForEncodings = 0;
			knownRegions = (
				en,
				Base,
			);
			mainGroup = A1C3FAFE28412ACE004AD9AC;
			productRefGroup = A1C3FB0828412ACF004AD9AC /* Products */;
			projectDirPath = "";
			projectRoot = "";
			targets = (
				A1C3FB0628412ACF004AD9AC /* Datackle */,
			);
		};
/* End PBXProject section */

/* Begin PBXResourcesBuildPhase section */
		A1C3FB0528412ACF004AD9AC /* Resources */ = {
			isa = PBXResourcesBuildPhase;
			buildActionMask = 2147483647;
			files = (
				A1C3FB1728412AD2004AD9AC /* LaunchScreen.storyboard in Resources */,
				A1C3FB1428412AD2004AD9AC /* Assets.xcassets in Resources */,
				A1C3FB1228412ACF004AD9AC /* Main.storyboard in Resources */,
			);
			runOnlyForDeploymentPostprocessing = 0;
		};
/* End PBXResourcesBuildPhase section */

/* Begin PBXShellScriptBuildPhase section */
		3BA73A662F886FB2740D57BB /* [CP] Check Pods Manifest.lock */ = {
			isa = PBXShellScriptBuildPhase;
			buildActionMask = 2147483647;
			files = (
			);
			inputFileListPaths = (
			);
			inputPaths = (
				"${PODS_PODFILE_DIR_PATH}/Podfile.lock",
				"${PODS_ROOT}/Manifest.lock",
			);
			name = "[CP] Check Pods Manifest.lock";
			outputFileListPaths = (
			);
			outputPaths = (
				"$(DERIVED_FILE_DIR)/Pods-Datackle-checkManifestLockResult.txt",
			);
			runOnlyForDeploymentPostprocessing = 0;
			shellPath = /bin/sh;
			shellScript = "diff \"${PODS_PODFILE_DIR_PATH}/Podfile.lock\" \"${PODS_ROOT}/Manifest.lock\" > /dev/null\nif [ $? != 0 ] ; then\n    # print error to STDERR\n    echo \"error: The sandbox is not in sync with the Podfile.lock. Run 'pod install' or update your CocoaPods installation.\" >&2\n    exit 1\nfi\n# This output is used by Xcode 'outputs' to avoid re-running this script phase.\necho \"SUCCESS\" > \"${SCRIPT_OUTPUT_FILE_0}\"\n";
			showEnvVarsInLog = 0;
		};
		D73550DE339DDACA70BE3328 /* [CP] Embed Pods Frameworks */ = {
			isa = PBXShellScriptBuildPhase;
			buildActionMask = 2147483647;
			files = (
			);
			inputFileListPaths = (
				"${PODS_ROOT}/Target Support Files/Pods-Datackle/Pods-Datackle-frameworks-${CONFIGURATION}-input-files.xcfilelist",
			);
			name = "[CP] Embed Pods Frameworks";
			outputFileListPaths = (
				"${PODS_ROOT}/Target Support Files/Pods-Datackle/Pods-Datackle-frameworks-${CONFIGURATION}-output-files.xcfilelist",
			);
			runOnlyForDeploymentPostprocessing = 0;
			shellPath = /bin/sh;
			shellScript = "\"${PODS_ROOT}/Target Support Files/Pods-Datackle/Pods-Datackle-frameworks.sh\"\n";
			showEnvVarsInLog = 0;
		};
/* End PBXShellScriptBuildPhase section */

/* Begin PBXSourcesBuildPhase section */
		A1C3FB0328412ACF004AD9AC /* Sources */ = {
			isa = PBXSourcesBuildPhase;
			buildActionMask = 2147483647;
			files = (
				A1C3FB0F28412ACF004AD9AC /* ViewController.swift in Sources */,
				A1C3FB0B28412ACF004AD9AC /* AppDelegate.swift in Sources */,
				A1C3FB0D28412ACF004AD9AC /* SceneDelegate.swift in Sources */,
			);
			runOnlyForDeploymentPostprocessing = 0;
		};
/* End PBXSourcesBuildPhase section */

/* Begin PBXVariantGroup section */
		A1C3FB1028412ACF004AD9AC /* Main.storyboard */ = {
			isa = PBXVariantGroup;
			children = (
				A1C3FB1128412ACF004AD9AC /* Base */,
			);
			name = Main.storyboard;
			sourceTree = "<group>";
		};
		A1C3FB1528412AD2004AD9AC /* LaunchScreen.storyboard */ = {
			isa = PBXVariantGroup;
			children = (
				A1C3FB1628412AD2004AD9AC /* Base */,
			);
			name = LaunchScreen.storyboard;
			sourceTree = "<group>";
		};
/* End PBXVariantGroup section */

/* Begin XCBuildConfiguration section */
		A1C3FB1928412AD2004AD9AC /* Debug */ = {
			isa = XCBuildConfiguration;
			buildSettings = {
				ALWAYS_SEARCH_USER_PATHS = NO;
				CLANG_ANALYZER_NONNULL = YES;
				CLANG_ANALYZER_NUMBER_OBJECT_CONVERSION = YES_AGGRESSIVE;
				CLANG_CXX_LANGUAGE_STANDARD = "gnu++17";
				CLANG_ENABLE_MODULES = YES;
				CLANG_ENABLE_OBJC_ARC = YES;
				CLANG_ENABLE_OBJC_WEAK = YES;
				CLANG_WARN_BLOCK_CAPTURE_AUTORELEASING = YES;
				CLANG_WARN_BOOL_CONVERSION = YES;
				CLANG_WARN_COMMA = YES;
				CLANG_WARN_CONSTANT_CONVERSION = YES;
				CLANG_WARN_DEPRECATED_OBJC_IMPLEMENTATIONS = YES;
				CLANG_WARN_DIRECT_OBJC_ISA_USAGE = YES_ERROR;
				CLANG_WARN_DOCUMENTATION_COMMENTS = YES;
				CLANG_WARN_EMPTY_BODY = YES;
				CLANG_WARN_ENUM_CONVERSION = YES;
				CLANG_WARN_INFINITE_RECURSION = YES;
				CLANG_WARN_INT_CONVERSION = YES;
				CLANG_WARN_NON_LITERAL_NULL_CONVERSION = YES;
				CLANG_WARN_OBJC_IMPLICIT_RETAIN_SELF = YES;
				CLANG_WARN_OBJC_LITERAL_CONVERSION = YES;
				CLANG_WARN_OBJC_ROOT_CLASS = YES_ERROR;
				CLANG_WARN_QUOTED_INCLUDE_IN_FRAMEWORK_HEADER = YES;
				CLANG_WARN_RANGE_LOOP_ANALYSIS = YES;
				CLANG_WARN_STRICT_PROTOTYPES = YES;
				CLANG_WARN_SUSPICIOUS_MOVE = YES;
				CLANG_WARN_UNGUARDED_AVAILABILITY = YES_AGGRESSIVE;
				CLANG_WARN_UNREACHABLE_CODE = YES;
				CLANG_WARN__DUPLICATE_METHOD_MATCH = YES;
				COPY_PHASE_STRIP = NO;
				DEBUG_INFORMATION_FORMAT = dwarf;
				ENABLE_STRICT_OBJC_MSGSEND = YES;
				ENABLE_TESTABILITY = YES;
				GCC_C_LANGUAGE_STANDARD = gnu11;
				GCC_DYNAMIC_NO_PIC = NO;
				GCC_NO_COMMON_BLOCKS = YES;
				GCC_OPTIMIZATION_LEVEL = 0;
				GCC_PREPROCESSOR_DEFINITIONS = (
					"DEBUG=1",
					"$(inherited)",
				);
				GCC_WARN_64_TO_32_BIT_CONVERSION = YES;
				GCC_WARN_ABOUT_RETURN_TYPE = YES_ERROR;
				GCC_WARN_UNDECLARED_SELECTOR = YES;
				GCC_WARN_UNINITIALIZED_AUTOS = YES_AGGRESSIVE;
				GCC_WARN_UNUSED_FUNCTION = YES;
				GCC_WARN_UNUSED_VARIABLE = YES;
				IPHONEOS_DEPLOYMENT_TARGET = 15.4;
				MTL_ENABLE_DEBUG_INFO = INCLUDE_SOURCE;
				MTL_FAST_MATH = YES;
				ONLY_ACTIVE_ARCH = YES;
				SDKROOT = iphoneos;
				SWIFT_ACTIVE_COMPILATION_CONDITIONS = DEBUG;
				SWIFT_OPTIMIZATION_LEVEL = "-Onone";
			};
			name = Debug;
		};
		A1C3FB1A28412AD2004AD9AC /* Release */ = {
			isa = XCBuildConfiguration;
			buildSettings = {
				ALWAYS_SEARCH_USER_PATHS = NO;
				CLANG_ANALYZER_NONNULL = YES;
				CLANG_ANALYZER_NUMBER_OBJECT_CONVERSION = YES_AGGRESSIVE;
				CLANG_CXX_LANGUAGE_STANDARD = "gnu++17";
				CLANG_ENABLE_MODULES = YES;
				CLANG_ENABLE_OBJC_ARC = YES;
				CLANG_ENABLE_OBJC_WEAK = YES;
				CLANG_WARN_BLOCK_CAPTURE_AUTORELEASING = YES;
				CLANG_WARN_BOOL_CONVERSION = YES;
				CLANG_WARN_COMMA = YES;
				CLANG_WARN_CONSTANT_CONVERSION = YES;
				CLANG_WARN_DEPRECATED_OBJC_IMPLEMENTATIONS = YES;
				CLANG_WARN_DIRECT_OBJC_ISA_USAGE = YES_ERROR;
				CLANG_WARN_DOCUMENTATION_COMMENTS = YES;
				CLANG_WARN_EMPTY_BODY = YES;
				CLANG_WARN_ENUM_CONVERSION = YES;
				CLANG_WARN_INFINITE_RECURSION = YES;
				CLANG_WARN_INT_CONVERSION = YES;
				CLANG_WARN_NON_LITERAL_NULL_CONVERSION = YES;
				CLANG_WARN_OBJC_IMPLICIT_RETAIN_SELF = YES;
				CLANG_WARN_OBJC_LITERAL_CONVERSION = YES;
				CLANG_WARN_OBJC_ROOT_CLASS = YES_ERROR;
				CLANG_WARN_QUOTED_INCLUDE_IN_FRAMEWORK_HEADER = YES;
				CLANG_WARN_RANGE_LOOP_ANALYSIS = YES;
				CLANG_WARN_STRICT_PROTOTYPES = YES;
				CLANG_WARN_SUSPICIOUS_MOVE = YES;
				CLANG_WARN_UNGUARDED_AVAILABILITY = YES_AGGRESSIVE;
				CLANG_WARN_UNREACHABLE_CODE = YES;
				CLANG_WARN__DUPLICATE_METHOD_MATCH = YES;
				COPY_PHASE_STRIP = NO;
				DEBUG_INFORMATION_FORMAT = "dwarf-with-dsym";
				ENABLE_NS_ASSERTIONS = NO;
				ENABLE_STRICT_OBJC_MSGSEND = YES;
				GCC_C_LANGUAGE_STANDARD = gnu11;
				GCC_NO_COMMON_BLOCKS = YES;
				GCC_WARN_64_TO_32_BIT_CONVERSION = YES;
				GCC_WARN_ABOUT_RETURN_TYPE = YES_ERROR;
				GCC_WARN_UNDECLARED_SELECTOR = YES;
				GCC_WARN_UNINITIALIZED_AUTOS = YES_AGGRESSIVE;
				GCC_WARN_UNUSED_FUNCTION = YES;
				GCC_WARN_UNUSED_VARIABLE = YES;
				IPHONEOS_DEPLOYMENT_TARGET = 15.4;
				MTL_ENABLE_DEBUG_INFO = NO;
				MTL_FAST_MATH = YES;
				SDKROOT = iphoneos;
				SWIFT_COMPILATION_MODE = wholemodule;
				SWIFT_OPTIMIZATION_LEVEL = "-O";
				VALIDATE_PRODUCT = YES;
			};
			name = Release;
		};
		A1C3FB1C28412AD2004AD9AC /* Debug */ = {
			isa = XCBuildConfiguration;
			baseConfigurationReference = 3789F7022693EDEDE88B015C /* Pods-Datackle.debug.xcconfig */;
			buildSettings = {
				ASSETCATALOG_COMPILER_APPICON_NAME = AppIcon;
				ASSETCATALOG_COMPILER_GLOBAL_ACCENT_COLOR_NAME = AccentColor;
				CODE_SIGN_ENTITLEMENTS = Datackle/Datackle.entitlements;
				CODE_SIGN_STYLE = Automatic;
				CURRENT_PROJECT_VERSION = 1;
				DEVELOPMENT_TEAM = 6V9249K6H6;
				GENERATE_INFOPLIST_FILE = YES;
				INFOPLIST_FILE = Datackle/Info.plist;
				INFOPLIST_KEY_UIApplicationSupportsIndirectInputEvents = YES;
				INFOPLIST_KEY_UILaunchStoryboardName = LaunchScreen;
				INFOPLIST_KEY_UIMainStoryboardFile = Main;
				INFOPLIST_KEY_UISupportedInterfaceOrientations_iPad = "UIInterfaceOrientationLandscapeLeft UIInterfaceOrientationLandscapeRight";
				INFOPLIST_KEY_UISupportedInterfaceOrientations_iPhone = "UIInterfaceOrientationPortrait UIInterfaceOrientationLandscapeLeft UIInterfaceOrientationLandscapeRight";
				LD_RUNPATH_SEARCH_PATHS = (
					"$(inherited)",
					"@executable_path/Frameworks",
				);
				MARKETING_VERSION = 1.0;
				PRODUCT_BUNDLE_IDENTIFIER = "Francisco-Donadio.Datackle";
				PRODUCT_NAME = "$(TARGET_NAME)";
				SUPPORTS_MACCATALYST = NO;
				SUPPORTS_MAC_DESIGNED_FOR_IPHONE_IPAD = YES;
				SWIFT_EMIT_LOC_STRINGS = YES;
				SWIFT_VERSION = 5.0;
				TARGETED_DEVICE_FAMILY = "1,2";
			};
			name = Debug;
		};
		A1C3FB1D28412AD2004AD9AC /* Release */ = {
			isa = XCBuildConfiguration;
			baseConfigurationReference = B521F0DE5B70BCC8967427D9 /* Pods-Datackle.release.xcconfig */;
			buildSettings = {
				ASSETCATALOG_COMPILER_APPICON_NAME = AppIcon;
				ASSETCATALOG_COMPILER_GLOBAL_ACCENT_COLOR_NAME = AccentColor;
				CODE_SIGN_ENTITLEMENTS = Datackle/Datackle.entitlements;
				CODE_SIGN_STYLE = Automatic;
				CURRENT_PROJECT_VERSION = 1;
				DEVELOPMENT_TEAM = 6V9249K6H6;
				GENERATE_INFOPLIST_FILE = YES;
				INFOPLIST_FILE = Datackle/Info.plist;
				INFOPLIST_KEY_UIApplicationSupportsIndirectInputEvents = YES;
				INFOPLIST_KEY_UILaunchStoryboardName = LaunchScreen;
				INFOPLIST_KEY_UIMainStoryboardFile = Main;
				INFOPLIST_KEY_UISupportedInterfaceOrientations_iPad = "UIInterfaceOrientationLandscapeLeft UIInterfaceOrientationLandscapeRight";
				INFOPLIST_KEY_UISupportedInterfaceOrientations_iPhone = "UIInterfaceOrientationPortrait UIInterfaceOrientationLandscapeLeft UIInterfaceOrientationLandscapeRight";
				LD_RUNPATH_SEARCH_PATHS = (
					"$(inherited)",
					"@executable_path/Frameworks",
				);
				MARKETING_VERSION = 1.0;
				PRODUCT_BUNDLE_IDENTIFIER = "Francisco-Donadio.Datackle";
				PRODUCT_NAME = "$(TARGET_NAME)";
				SUPPORTS_MACCATALYST = NO;
				SUPPORTS_MAC_DESIGNED_FOR_IPHONE_IPAD = YES;
				SWIFT_EMIT_LOC_STRINGS = YES;
				SWIFT_VERSION = 5.0;
				TARGETED_DEVICE_FAMILY = "1,2";
			};
			name = Release;
		};
/* End XCBuildConfiguration section */

/* Begin XCConfigurationList section */
		A1C3FB0228412ACE004AD9AC /* Build configuration list for PBXProject "Datackle" */ = {
			isa = XCConfigurationList;
			buildConfigurations = (
				A1C3FB1928412AD2004AD9AC /* Debug */,
				A1C3FB1A28412AD2004AD9AC /* Release */,
			);
			defaultConfigurationIsVisible = 0;
			defaultConfigurationName = Release;
		};
		A1C3FB1B28412AD2004AD9AC /* Build configuration list for PBXNativeTarget "Datackle" */ = {
			isa = XCConfigurationList;
			buildConfigurations = (
				A1C3FB1C28412AD2004AD9AC /* Debug */,
				A1C3FB1D28412AD2004AD9AC /* Release */,
			);
			defaultConfigurationIsVisible = 0;
			defaultConfigurationName = Release;
		};
/* End XCConfigurationList section */
	};
	rootObject = A1C3FAFF28412ACE004AD9AC /* Project object */;
}
